// !$*UTF8*$!
{
	archiveVersion = 1;
	classes = {
	};
	objectVersion = 50;
	objects = {

/* Begin PBXBuildFile section */
		1659E0B121FEA9D700A5C392 /* AppDelegate.swift in Sources */ = {isa = PBXBuildFile; fileRef = 1659E0B021FEA9D700A5C392 /* AppDelegate.swift */; };
		1659E0B321FEA9D700A5C392 /* ViewController.swift in Sources */ = {isa = PBXBuildFile; fileRef = 1659E0B221FEA9D700A5C392 /* ViewController.swift */; };
		1659E0B621FEA9D700A5C392 /* Main.storyboard in Resources */ = {isa = PBXBuildFile; fileRef = 1659E0B421FEA9D700A5C392 /* Main.storyboard */; };
		1659E0B921FEA9D700A5C392 /* Hu.xcdatamodeld in Sources */ = {isa = PBXBuildFile; fileRef = 1659E0B721FEA9D700A5C392 /* Hu.xcdatamodeld */; };
		1659E0BB21FEA9D800A5C392 /* Assets.xcassets in Resources */ = {isa = PBXBuildFile; fileRef = 1659E0BA21FEA9D800A5C392 /* Assets.xcassets */; };
		1659E0BE21FEA9D800A5C392 /* LaunchScreen.storyboard in Resources */ = {isa = PBXBuildFile; fileRef = 1659E0BC21FEA9D800A5C392 /* LaunchScreen.storyboard */; };
		1659E0C921FEA9D900A5C392 /* HuTests.swift in Sources */ = {isa = PBXBuildFile; fileRef = 1659E0C821FEA9D900A5C392 /* HuTests.swift */; };
		1659E0D421FEA9D900A5C392 /* HuUITests.swift in Sources */ = {isa = PBXBuildFile; fileRef = 1659E0D321FEA9D900A5C392 /* HuUITests.swift */; };
/* End PBXBuildFile section */

/* Begin PBXContainerItemProxy section */
		1659E0C521FEA9D900A5C392 /* PBXContainerItemProxy */ = {
			isa = PBXContainerItemProxy;
			containerPortal = 1659E0A521FEA9D700A5C392 /* Project object */;
			proxyType = 1;
			remoteGlobalIDString = 1659E0AC21FEA9D700A5C392;
			remoteInfo = Hu;
		};
		1659E0D021FEA9D900A5C392 /* PBXContainerItemProxy */ = {
			isa = PBXContainerItemProxy;
			containerPortal = 1659E0A521FEA9D700A5C392 /* Project object */;
			proxyType = 1;
			remoteGlobalIDString = 1659E0AC21FEA9D700A5C392;
			remoteInfo = Hu;
		};
/* End PBXContainerItemProxy section */

/* Begin PBXFileReference section */
		1659E0AD21FEA9D700A5C392 /* Hu.app */ = {isa = PBXFileReference; explicitFileType = wrapper.application; includeInIndex = 0; path = Hu.app; sourceTree = BUILT_PRODUCTS_DIR; };
		1659E0B021FEA9D700A5C392 /* AppDelegate.swift */ = {isa = PBXFileReference; lastKnownFileType = sourcecode.swift; path = AppDelegate.swift; sourceTree = "<group>"; };
		1659E0B221FEA9D700A5C392 /* ViewController.swift */ = {isa = PBXFileReference; lastKnownFileType = sourcecode.swift; path = ViewController.swift; sourceTree = "<group>"; };
		1659E0B521FEA9D700A5C392 /* Base */ = {isa = PBXFileReference; lastKnownFileType = file.storyboard; name = Base; path = Base.lproj/Main.storyboard; sourceTree = "<group>"; };
		1659E0B821FEA9D700A5C392 /* Hu.xcdatamodel */ = {isa = PBXFileReference; lastKnownFileType = wrapper.xcdatamodel; path = Hu.xcdatamodel; sourceTree = "<group>"; };
		1659E0BA21FEA9D800A5C392 /* Assets.xcassets */ = {isa = PBXFileReference; lastKnownFileType = folder.assetcatalog; path = Assets.xcassets; sourceTree = "<group>"; };
		1659E0BD21FEA9D800A5C392 /* Base */ = {isa = PBXFileReference; lastKnownFileType = file.storyboard; name = Base; path = Base.lproj/LaunchScreen.storyboard; sourceTree = "<group>"; };
		1659E0BF21FEA9D800A5C392 /* Info.plist */ = {isa = PBXFileReference; lastKnownFileType = text.plist.xml; path = Info.plist; sourceTree = "<group>"; };
		1659E0C421FEA9D900A5C392 /* HuTests.xctest */ = {isa = PBXFileReference; explicitFileType = wrapper.cfbundle; includeInIndex = 0; path = HuTests.xctest; sourceTree = BUILT_PRODUCTS_DIR; };
		1659E0C821FEA9D900A5C392 /* HuTests.swift */ = {isa = PBXFileReference; lastKnownFileType = sourcecode.swift; path = HuTests.swift; sourceTree = "<group>"; };
		1659E0CA21FEA9D900A5C392 /* Info.plist */ = {isa = PBXFileReference; lastKnownFileType = text.plist.xml; path = Info.plist; sourceTree = "<group>"; };
		1659E0CF21FEA9D900A5C392 /* HuUITests.xctest */ = {isa = PBXFileReference; explicitFileType = wrapper.cfbundle; includeInIndex = 0; path = HuUITests.xctest; sourceTree = BUILT_PRODUCTS_DIR; };
		1659E0D321FEA9D900A5C392 /* HuUITests.swift */ = {isa = PBXFileReference; lastKnownFileType = sourcecode.swift; path = HuUITests.swift; sourceTree = "<group>"; };
		1659E0D521FEA9D900A5C392 /* Info.plist */ = {isa = PBXFileReference; lastKnownFileType = text.plist.xml; path = Info.plist; sourceTree = "<group>"; };
/* End PBXFileReference section */

/* Begin PBXFrameworksBuildPhase section */
		1659E0AA21FEA9D700A5C392 /* Frameworks */ = {
			isa = PBXFrameworksBuildPhase;
			buildActionMask = 2147483647;
			files = (
			);
			runOnlyForDeploymentPostprocessing = 0;
		};
		1659E0C121FEA9D900A5C392 /* Frameworks */ = {
			isa = PBXFrameworksBuildPhase;
			buildActionMask = 2147483647;
			files = (
			);
			runOnlyForDeploymentPostprocessing = 0;
		};
		1659E0CC21FEA9D900A5C392 /* Frameworks */ = {
			isa = PBXFrameworksBuildPhase;
			buildActionMask = 2147483647;
			files = (
			);
			runOnlyForDeploymentPostprocessing = 0;
		};
/* End PBXFrameworksBuildPhase section */

/* Begin PBXGroup section */
		1659E0A421FEA9D700A5C392 = {
			isa = PBXGroup;
			children = (
				1659E0AF21FEA9D700A5C392 /* Hu */,
				1659E0C721FEA9D900A5C392 /* HuTests */,
				1659E0D221FEA9D900A5C392 /* HuUITests */,
				1659E0AE21FEA9D700A5C392 /* Products */,
			);
			sourceTree = "<group>";
		};
		1659E0AE21FEA9D700A5C392 /* Products */ = {
			isa = PBXGroup;
			children = (
				1659E0AD21FEA9D700A5C392 /* Hu.app */,
				1659E0C421FEA9D900A5C392 /* HuTests.xctest */,
				1659E0CF21FEA9D900A5C392 /* HuUITests.xctest */,
			);
			name = Products;
			sourceTree = "<group>";
		};
		1659E0AF21FEA9D700A5C392 /* Hu */ = {
			isa = PBXGroup;
			children = (
				1659E0B021FEA9D700A5C392 /* AppDelegate.swift */,
				1659E0B221FEA9D700A5C392 /* ViewController.swift */,
				1659E0B421FEA9D700A5C392 /* Main.storyboard */,
				1659E0BA21FEA9D800A5C392 /* Assets.xcassets */,
				1659E0BC21FEA9D800A5C392 /* LaunchScreen.storyboard */,
				1659E0BF21FEA9D800A5C392 /* Info.plist */,
				1659E0B721FEA9D700A5C392 /* Hu.xcdatamodeld */,
			);
			path = Hu;
			sourceTree = "<group>";
		};
		1659E0C721FEA9D900A5C392 /* HuTests */ = {
			isa = PBXGroup;
			children = (
				1659E0C821FEA9D900A5C392 /* HuTests.swift */,
				1659E0CA21FEA9D900A5C392 /* Info.plist */,
			);
			path = HuTests;
			sourceTree = "<group>";
		};
		1659E0D221FEA9D900A5C392 /* HuUITests */ = {
			isa = PBXGroup;
			children = (
				1659E0D321FEA9D900A5C392 /* HuUITests.swift */,
				1659E0D521FEA9D900A5C392 /* Info.plist */,
			);
			path = HuUITests;
			sourceTree = "<group>";
		};
/* End PBXGroup section */

/* Begin PBXNativeTarget section */
		1659E0AC21FEA9D700A5C392 /* Hu */ = {
			isa = PBXNativeTarget;
			buildConfigurationList = 1659E0D821FEA9D900A5C392 /* Build configuration list for PBXNativeTarget "Hu" */;
			buildPhases = (
				1659E0A921FEA9D700A5C392 /* Sources */,
				1659E0AA21FEA9D700A5C392 /* Frameworks */,
				1659E0AB21FEA9D700A5C392 /* Resources */,
			);
			buildRules = (
			);
			dependencies = (
			);
			name = Hu;
			productName = Hu;
			productReference = 1659E0AD21FEA9D700A5C392 /* Hu.app */;
			productType = "com.apple.product-type.application";
		};
		1659E0C321FEA9D900A5C392 /* HuTests */ = {
			isa = PBXNativeTarget;
			buildConfigurationList = 1659E0DB21FEA9D900A5C392 /* Build configuration list for PBXNativeTarget "HuTests" */;
			buildPhases = (
				1659E0C021FEA9D900A5C392 /* Sources */,
				1659E0C121FEA9D900A5C392 /* Frameworks */,
				1659E0C221FEA9D900A5C392 /* Resources */,
			);
			buildRules = (
			);
			dependencies = (
				1659E0C621FEA9D900A5C392 /* PBXTargetDependency */,
			);
			name = HuTests;
			productName = HuTests;
			productReference = 1659E0C421FEA9D900A5C392 /* HuTests.xctest */;
			productType = "com.apple.product-type.bundle.unit-test";
		};
		1659E0CE21FEA9D900A5C392 /* HuUITests */ = {
			isa = PBXNativeTarget;
			buildConfigurationList = 1659E0DE21FEA9D900A5C392 /* Build configuration list for PBXNativeTarget "HuUITests" */;
			buildPhases = (
				1659E0CB21FEA9D900A5C392 /* Sources */,
				1659E0CC21FEA9D900A5C392 /* Frameworks */,
				1659E0CD21FEA9D900A5C392 /* Resources */,
			);
			buildRules = (
			);
			dependencies = (
				1659E0D121FEA9D900A5C392 /* PBXTargetDependency */,
			);
			name = HuUITests;
			productName = HuUITests;
			productReference = 1659E0CF21FEA9D900A5C392 /* HuUITests.xctest */;
			productType = "com.apple.product-type.bundle.ui-testing";
		};
/* End PBXNativeTarget section */

/* Begin PBXProject section */
		1659E0A521FEA9D700A5C392 /* Project object */ = {
			isa = PBXProject;
			attributes = {
				LastSwiftUpdateCheck = 1010;
				LastUpgradeCheck = 1010;
				ORGANIZATIONNAME = lihu;
				TargetAttributes = {
					1659E0AC21FEA9D700A5C392 = {
						CreatedOnToolsVersion = 10.1;
					};
					1659E0C321FEA9D900A5C392 = {
						CreatedOnToolsVersion = 10.1;
						TestTargetID = 1659E0AC21FEA9D700A5C392;
					};
					1659E0CE21FEA9D900A5C392 = {
						CreatedOnToolsVersion = 10.1;
						TestTargetID = 1659E0AC21FEA9D700A5C392;
					};
				};
			};
			buildConfigurationList = 1659E0A821FEA9D700A5C392 /* Build configuration list for PBXProject "Hu" */;
			compatibilityVersion = "Xcode 9.3";
			developmentRegion = en;
			hasScannedForEncodings = 0;
			knownRegions = (
				en,
				Base,
			);
			mainGroup = 1659E0A421FEA9D700A5C392;
			productRefGroup = 1659E0AE21FEA9D700A5C392 /* Products */;
			projectDirPath = "";
			projectRoot = "";
			targets = (
				1659E0AC21FEA9D700A5C392 /* Hu */,
				1659E0C321FEA9D900A5C392 /* HuTests */,
				1659E0CE21FEA9D900A5C392 /* HuUITests */,
			);
		};
/* End PBXProject section */

/* Begin PBXResourcesBuildPhase section */
		1659E0AB21FEA9D700A5C392 /* Resources */ = {
			isa = PBXResourcesBuildPhase;
			buildActionMask = 2147483647;
			files = (
				1659E0BE21FEA9D800A5C392 /* LaunchScreen.storyboard in Resources */,
				1659E0BB21FEA9D800A5C392 /* Assets.xcassets in Resources */,
				1659E0B621FEA9D700A5C392 /* Main.storyboard in Resources */,
			);
			runOnlyForDeploymentPostprocessing = 0;
		};
		1659E0C221FEA9D900A5C392 /* Resources */ = {
			isa = PBXResourcesBuildPhase;
			buildActionMask = 2147483647;
			files = (
			);
			runOnlyForDeploymentPostprocessing = 0;
		};
		1659E0CD21FEA9D900A5C392 /* Resources */ = {
			isa = PBXResourcesBuildPhase;
			buildActionMask = 2147483647;
			files = (
			);
			runOnlyForDeploymentPostprocessing = 0;
		};
/* End PBXResourcesBuildPhase section */

/* Begin PBXSourcesBuildPhase section */
		1659E0A921FEA9D700A5C392 /* Sources */ = {
			isa = PBXSourcesBuildPhase;
			buildActionMask = 2147483647;
			files = (
				1659E0B321FEA9D700A5C392 /* ViewController.swift in Sources */,
				1659E0B121FEA9D700A5C392 /* AppDelegate.swift in Sources */,
				1659E0B921FEA9D700A5C392 /* Hu.xcdatamodeld in Sources */,
			);
			runOnlyForDeploymentPostprocessing = 0;
		};
		1659E0C021FEA9D900A5C392 /* Sources */ = {
			isa = PBXSourcesBuildPhase;
			buildActionMask = 2147483647;
			files = (
				1659E0C921FEA9D900A5C392 /* HuTests.swift in Sources */,
			);
			runOnlyForDeploymentPostprocessing = 0;
		};
		1659E0CB21FEA9D900A5C392 /* Sources */ = {
			isa = PBXSourcesBuildPhase;
			buildActionMask = 2147483647;
			files = (
				1659E0D421FEA9D900A5C392 /* HuUITests.swift in Sources */,
			);
			runOnlyForDeploymentPostprocessing = 0;
		};
/* End PBXSourcesBuildPhase section */

/* Begin PBXTargetDependency section */
		1659E0C621FEA9D900A5C392 /* PBXTargetDependency */ = {
			isa = PBXTargetDependency;
			target = 1659E0AC21FEA9D700A5C392 /* Hu */;
			targetProxy = 1659E0C521FEA9D900A5C392 /* PBXContainerItemProxy */;
		};
		1659E0D121FEA9D900A5C392 /* PBXTargetDependency */ = {
			isa = PBXTargetDependency;
			target = 1659E0AC21FEA9D700A5C392 /* Hu */;
			targetProxy = 1659E0D021FEA9D900A5C392 /* PBXContainerItemProxy */;
		};
/* End PBXTargetDependency section */

/* Begin PBXVariantGroup section */
		1659E0B421FEA9D700A5C392 /* Main.storyboard */ = {
			isa = PBXVariantGroup;
			children = (
				1659E0B521FEA9D700A5C392 /* Base */,
			);
			name = Main.storyboard;
			sourceTree = "<group>";
		};
		1659E0BC21FEA9D800A5C392 /* LaunchScreen.storyboard */ = {
			isa = PBXVariantGroup;
			children = (
				1659E0BD21FEA9D800A5C392 /* Base */,
			);
			name = LaunchScreen.storyboard;
			sourceTree = "<group>";
		};
/* End PBXVariantGroup section */

/* Begin XCBuildConfiguration section */
		1659E0D621FEA9D900A5C392 /* Debug */ = {
			isa = XCBuildConfiguration;
			buildSettings = {
				ALWAYS_SEARCH_USER_PATHS = NO;
				CLANG_ANALYZER_NONNULL = YES;
				CLANG_ANALYZER_NUMBER_OBJECT_CONVERSION = YES_AGGRESSIVE;
				CLANG_CXX_LANGUAGE_STANDARD = "gnu++14";
				CLANG_CXX_LIBRARY = "libc++";
				CLANG_ENABLE_MODULES = YES;
				CLANG_ENABLE_OBJC_ARC = YES;
				CLANG_ENABLE_OBJC_WEAK = YES;
				CLANG_WARN_BLOCK_CAPTURE_AUTORELEASING = YES;
				CLANG_WARN_BOOL_CONVERSION = YES;
				CLANG_WARN_COMMA = YES;
				CLANG_WARN_CONSTANT_CONVERSION = YES;
				CLANG_WARN_DEPRECATED_OBJC_IMPLEMENTATIONS = YES;
				CLANG_WARN_DIRECT_OBJC_ISA_USAGE = YES_ERROR;
				CLANG_WARN_DOCUMENTATION_COMMENTS = YES;
				CLANG_WARN_EMPTY_BODY = YES;
				CLANG_WARN_ENUM_CONVERSION = YES;
				CLANG_WARN_INFINITE_RECURSION = YES;
				CLANG_WARN_INT_CONVERSION = YES;
				CLANG_WARN_NON_LITERAL_NULL_CONVERSION = YES;
				CLANG_WARN_OBJC_IMPLICIT_RETAIN_SELF = YES;
				CLANG_WARN_OBJC_LITERAL_CONVERSION = YES;
				CLANG_WARN_OBJC_ROOT_CLASS = YES_ERROR;
				CLANG_WARN_RANGE_LOOP_ANALYSIS = YES;
				CLANG_WARN_STRICT_PROTOTYPES = YES;
				CLANG_WARN_SUSPICIOUS_MOVE = YES;
				CLANG_WARN_UNGUARDED_AVAILABILITY = YES_AGGRESSIVE;
				CLANG_WARN_UNREACHABLE_CODE = YES;
				CLANG_WARN__DUPLICATE_METHOD_MATCH = YES;
				CODE_SIGN_IDENTITY = "iPhone Developer";
				COPY_PHASE_STRIP = NO;
				DEBUG_INFORMATION_FORMAT = dwarf;
				ENABLE_STRICT_OBJC_MSGSEND = YES;
				ENABLE_TESTABILITY = YES;
				GCC_C_LANGUAGE_STANDARD = gnu11;
				GCC_DYNAMIC_NO_PIC = NO;
				GCC_NO_COMMON_BLOCKS = YES;
				GCC_OPTIMIZATION_LEVEL = 0;
				GCC_PREPROCESSOR_DEFINITIONS = (
					"DEBUG=1",
					"$(inherited)",
				);
				GCC_WARN_64_TO_32_BIT_CONVERSION = YES;
				GCC_WARN_ABOUT_RETURN_TYPE = YES_ERROR;
				GCC_WARN_UNDECLARED_SELECTOR = YES;
				GCC_WARN_UNINITIALIZED_AUTOS = YES_AGGRESSIVE;
				GCC_WARN_UNUSED_FUNCTION = YES;
				GCC_WARN_UNUSED_VARIABLE = YES;
				IPHONEOS_DEPLOYMENT_TARGET = 12.1;
				MTL_ENABLE_DEBUG_INFO = INCLUDE_SOURCE;
				MTL_FAST_MATH = YES;
				ONLY_ACTIVE_ARCH = YES;
				SDKROOT = iphoneos;
				SWIFT_ACTIVE_COMPILATION_CONDITIONS = DEBUG;
				SWIFT_OPTIMIZATION_LEVEL = "-Onone";
			};
			name = Debug;
		};
		1659E0D721FEA9D900A5C392 /* Release */ = {
			isa = XCBuildConfiguration;
			buildSettings = {
				ALWAYS_SEARCH_USER_PATHS = NO;
				CLANG_ANALYZER_NONNULL = YES;
				CLANG_ANALYZER_NUMBER_OBJECT_CONVERSION = YES_AGGRESSIVE;
				CLANG_CXX_LANGUAGE_STANDARD = "gnu++14";
				CLANG_CXX_LIBRARY = "libc++";
				CLANG_ENABLE_MODULES = YES;
				CLANG_ENABLE_OBJC_ARC = YES;
				CLANG_ENABLE_OBJC_WEAK = YES;
				CLANG_WARN_BLOCK_CAPTURE_AUTORELEASING = YES;
				CLANG_WARN_BOOL_CONVERSION = YES;
				CLANG_WARN_COMMA = YES;
				CLANG_WARN_CONSTANT_CONVERSION = YES;
				CLANG_WARN_DEPRECATED_OBJC_IMPLEMENTATIONS = YES;
				CLANG_WARN_DIRECT_OBJC_ISA_USAGE = YES_ERROR;
				CLANG_WARN_DOCUMENTATION_COMMENTS = YES;
				CLANG_WARN_EMPTY_BODY = YES;
				CLANG_WARN_ENUM_CONVERSION = YES;
				CLANG_WARN_INFINITE_RECURSION = YES;
				CLANG_WARN_INT_CONVERSION = YES;
				CLANG_WARN_NON_LITERAL_NULL_CONVERSION = YES;
				CLANG_WARN_OBJC_IMPLICIT_RETAIN_SELF = YES;
				CLANG_WARN_OBJC_LITERAL_CONVERSION = YES;
				CLANG_WARN_OBJC_ROOT_CLASS = YES_ERROR;
				CLANG_WARN_RANGE_LOOP_ANALYSIS = YES;
				CLANG_WARN_STRICT_PROTOTYPES = YES;
				CLANG_WARN_SUSPICIOUS_MOVE = YES;
				CLANG_WARN_UNGUARDED_AVAILABILITY = YES_AGGRESSIVE;
				CLANG_WARN_UNREACHABLE_CODE = YES;
				CLANG_WARN__DUPLICATE_METHOD_MATCH = YES;
				CODE_SIGN_IDENTITY = "iPhone Developer";
				COPY_PHASE_STRIP = NO;
				DEBUG_INFORMATION_FORMAT = "dwarf-with-dsym";
				ENABLE_NS_ASSERTIONS = NO;
				ENABLE_STRICT_OBJC_MSGSEND = YES;
				GCC_C_LANGUAGE_STANDARD = gnu11;
				GCC_NO_COMMON_BLOCKS = YES;
				GCC_WARN_64_TO_32_BIT_CONVERSION = YES;
				GCC_WARN_ABOUT_RETURN_TYPE = YES_ERROR;
				GCC_WARN_UNDECLARED_SELECTOR = YES;
				GCC_WARN_UNINITIALIZED_AUTOS = YES_AGGRESSIVE;
				GCC_WARN_UNUSED_FUNCTION = YES;
				GCC_WARN_UNUSED_VARIABLE = YES;
				IPHONEOS_DEPLOYMENT_TARGET = 12.1;
				MTL_ENABLE_DEBUG_INFO = NO;
				MTL_FAST_MATH = YES;
				SDKROOT = iphoneos;
				SWIFT_COMPILATION_MODE = wholemodule;
				SWIFT_OPTIMIZATION_LEVEL = "-O";
				VALIDATE_PRODUCT = YES;
			};
			name = Release;
		};
		1659E0D921FEA9D900A5C392 /* Debug */ = {
			isa = XCBuildConfiguration;
			buildSettings = {
				ASSETCATALOG_COMPILER_APPICON_NAME = AppIcon;
				CODE_SIGN_STYLE = Automatic;
				DEVELOPMENT_TEAM = 69VD2V2X7K;
				INFOPLIST_FILE = Hu/Info.plist;
				LD_RUNPATH_SEARCH_PATHS = (
					"$(inherited)",
					"@executable_path/Frameworks",
				);
				PRODUCT_BUNDLE_IDENTIFIER = Li.Hu;
				PRODUCT_NAME = "$(TARGET_NAME)";
				SWIFT_VERSION = 4.2;
				TARGETED_DEVICE_FAMILY = "1,2";
			};
			name = Debug;
		};
		1659E0DA21FEA9D900A5C392 /* Release */ = {
			isa = XCBuildConfiguration;
			buildSettings = {
				ASSETCATALOG_COMPILER_APPICON_NAME = AppIcon;
				CODE_SIGN_STYLE = Automatic;
				DEVELOPMENT_TEAM = 69VD2V2X7K;
				INFOPLIST_FILE = Hu/Info.plist;
				LD_RUNPATH_SEARCH_PATHS = (
					"$(inherited)",
					"@executable_path/Frameworks",
				);
				PRODUCT_BUNDLE_IDENTIFIER = Li.Hu;
				PRODUCT_NAME = "$(TARGET_NAME)";
				SWIFT_VERSION = 4.2;
				TARGETED_DEVICE_FAMILY = "1,2";
			};
			name = Release;
		};
		1659E0DC21FEA9D900A5C392 /* Debug */ = {
			isa = XCBuildConfiguration;
			buildSettings = {
				ALWAYS_EMBED_SWIFT_STANDARD_LIBRARIES = YES;
				BUNDLE_LOADER = "$(TEST_HOST)";
				CODE_SIGN_STYLE = Automatic;
				DEVELOPMENT_TEAM = 69VD2V2X7K;
				INFOPLIST_FILE = HuTests/Info.plist;
				LD_RUNPATH_SEARCH_PATHS = (
					"$(inherited)",
					"@executable_path/Frameworks",
					"@loader_path/Frameworks",
				);
				PRODUCT_BUNDLE_IDENTIFIER = Li.HuTests;
				PRODUCT_NAME = "$(TARGET_NAME)";
				SWIFT_VERSION = 4.2;
				TARGETED_DEVICE_FAMILY = "1,2";
				TEST_HOST = "$(BUILT_PRODUCTS_DIR)/Hu.app/Hu";
			};
			name = Debug;
		};
		1659E0DD21FEA9D900A5C392 /* Release */ = {
			isa = XCBuildConfiguration;
			buildSettings = {
				ALWAYS_EMBED_SWIFT_STANDARD_LIBRARIES = YES;
				BUNDLE_LOADER = "$(TEST_HOST)";
				CODE_SIGN_STYLE = Automatic;
				DEVELOPMENT_TEAM = 69VD2V2X7K;
				INFOPLIST_FILE = HuTests/Info.plist;
				LD_RUNPATH_SEARCH_PATHS = (
					"$(inherited)",
					"@executable_path/Frameworks",
					"@loader_path/Frameworks",
				);
				PRODUCT_BUNDLE_IDENTIFIER = Li.HuTests;
				PRODUCT_NAME = "$(TARGET_NAME)";
				SWIFT_VERSION = 4.2;
				TARGETED_DEVICE_FAMILY = "1,2";
				TEST_HOST = "$(BUILT_PRODUCTS_DIR)/Hu.app/Hu";
			};
			name = Release;
		};
		1659E0DF21FEA9D900A5C392 /* Debug */ = {
			isa = XCBuildConfiguration;
			buildSettings = {
				ALWAYS_EMBED_SWIFT_STANDARD_LIBRARIES = YES;
				CODE_SIGN_STYLE = Automatic;
				DEVELOPMENT_TEAM = 69VD2V2X7K;
				INFOPLIST_FILE = HuUITests/Info.plist;
				LD_RUNPATH_SEARCH_PATHS = (
					"$(inherited)",
					"@executable_path/Frameworks",
					"@loader_path/Frameworks",
				);
				PRODUCT_BUNDLE_IDENTIFIER = Li.HuUITests;
				PRODUCT_NAME = "$(TARGET_NAME)";
				SWIFT_VERSION = 4.2;
				TARGETED_DEVICE_FAMILY = "1,2";
				TEST_TARGET_NAME = Hu;
			};
			name = Debug;
		};
		1659E0E021FEA9D900A5C392 /* Release */ = {
			isa = XCBuildConfiguration;
			buildSettings = {
				ALWAYS_EMBED_SWIFT_STANDARD_LIBRARIES = YES;
				CODE_SIGN_STYLE = Automatic;
				DEVELOPMENT_TEAM = 69VD2V2X7K;
				INFOPLIST_FILE = HuUITests/Info.plist;
				LD_RUNPATH_SEARCH_PATHS = (
					"$(inherited)",
					"@executable_path/Frameworks",
					"@loader_path/Frameworks",
				);
				PRODUCT_BUNDLE_IDENTIFIER = Li.HuUITests;
				PRODUCT_NAME = "$(TARGET_NAME)";
				SWIFT_VERSION = 4.2;
				TARGETED_DEVICE_FAMILY = "1,2";
				TEST_TARGET_NAME = Hu;
			};
			name = Release;
		};
/* End XCBuildConfiguration section */

/* Begin XCConfigurationList section */
		1659E0A821FEA9D700A5C392 /* Build configuration list for PBXProject "Hu" */ = {
			isa = XCConfigurationList;
			buildConfigurations = (
				1659E0D621FEA9D900A5C392 /* Debug */,
				1659E0D721FEA9D900A5C392 /* Release */,
			);
			defaultConfigurationIsVisible = 0;
			defaultConfigurationName = Release;
		};
		1659E0D821FEA9D900A5C392 /* Build configuration list for PBXNativeTarget "Hu" */ = {
			isa = XCConfigurationList;
			buildConfigurations = (
				1659E0D921FEA9D900A5C392 /* Debug */,
				1659E0DA21FEA9D900A5C392 /* Release */,
			);
			defaultConfigurationIsVisible = 0;
			defaultConfigurationName = Release;
		};
		1659E0DB21FEA9D900A5C392 /* Build configuration list for PBXNativeTarget "HuTests" */ = {
			isa = XCConfigurationList;
			buildConfigurations = (
				1659E0DC21FEA9D900A5C392 /* Debug */,
				1659E0DD21FEA9D900A5C392 /* Release */,
			);
			defaultConfigurationIsVisible = 0;
			defaultConfigurationName = Release;
		};
		1659E0DE21FEA9D900A5C392 /* Build configuration list for PBXNativeTarget "HuUITests" */ = {
			isa = XCConfigurationList;
			buildConfigurations = (
				1659E0DF21FEA9D900A5C392 /* Debug */,
				1659E0E021FEA9D900A5C392 /* Release */,
			);
			defaultConfigurationIsVisible = 0;
			defaultConfigurationName = Release;
		};
/* End XCConfigurationList section */

/* Begin XCVersionGroup section */
		1659E0B721FEA9D700A5C392 /* Hu.xcdatamodeld */ = {
			isa = XCVersionGroup;
			children = (
				1659E0B821FEA9D700A5C392 /* Hu.xcdatamodel */,
			);
			currentVersion = 1659E0B821FEA9D700A5C392 /* Hu.xcdatamodel */;
			path = Hu.xcdatamodeld;
			sourceTree = "<group>";
			versionGroupType = wrapper.xcdatamodel;
		};
/* End XCVersionGroup section */
	};
	rootObject = 1659E0A521FEA9D700A5C392 /* Project object */;
}
